// !$*UTF8*$!
{
	archiveVersion = 1;
	classes = {
	};
	objectVersion = 46;
	objects = {

/* Begin PBXBuildFile section */
		94BCD097F2FD4132BF2C2263 /* libPods.a in Frameworks */ = {isa = PBXBuildFile; fileRef = 5BB2F053A3914121B83D2CE6 /* libPods.a */; };
		E2181722196C7C0800285E0C /* holdingpattern.png in Resources */ = {isa = PBXBuildFile; fileRef = E2181721196C7C0800285E0C /* holdingpattern.png */; };
		E22190FE195C5E34001004F4 /* Foundation.framework in Frameworks */ = {isa = PBXBuildFile; fileRef = E22190FD195C5E34001004F4 /* Foundation.framework */; };
		E2219100195C5E34001004F4 /* CoreGraphics.framework in Frameworks */ = {isa = PBXBuildFile; fileRef = E22190FF195C5E34001004F4 /* CoreGraphics.framework */; };
		E2219102195C5E34001004F4 /* UIKit.framework in Frameworks */ = {isa = PBXBuildFile; fileRef = E2219101195C5E34001004F4 /* UIKit.framework */; };
		E2219104195C5E34001004F4 /* CoreData.framework in Frameworks */ = {isa = PBXBuildFile; fileRef = E2219103195C5E34001004F4 /* CoreData.framework */; };
		E221910A195C5E34001004F4 /* InfoPlist.strings in Resources */ = {isa = PBXBuildFile; fileRef = E2219108195C5E34001004F4 /* InfoPlist.strings */; };
		E221910C195C5E34001004F4 /* main.m in Sources */ = {isa = PBXBuildFile; fileRef = E221910B195C5E34001004F4 /* main.m */; };
		E2219110195C5E34001004F4 /* ELAppDelegate.m in Sources */ = {isa = PBXBuildFile; fileRef = E221910F195C5E34001004F4 /* ELAppDelegate.m */; };
		E2219113195C5E34001004F4 /* iTunesCalling.xcdatamodeld in Sources */ = {isa = PBXBuildFile; fileRef = E2219111195C5E34001004F4 /* iTunesCalling.xcdatamodeld */; };
		E2219115195C5E34001004F4 /* Images.xcassets in Resources */ = {isa = PBXBuildFile; fileRef = E2219114195C5E34001004F4 /* Images.xcassets */; };
		E221911C195C5E34001004F4 /* XCTest.framework in Frameworks */ = {isa = PBXBuildFile; fileRef = E221911B195C5E34001004F4 /* XCTest.framework */; };
		E221911D195C5E34001004F4 /* Foundation.framework in Frameworks */ = {isa = PBXBuildFile; fileRef = E22190FD195C5E34001004F4 /* Foundation.framework */; };
		E221911E195C5E34001004F4 /* UIKit.framework in Frameworks */ = {isa = PBXBuildFile; fileRef = E2219101195C5E34001004F4 /* UIKit.framework */; };
		E221911F195C5E34001004F4 /* CoreData.framework in Frameworks */ = {isa = PBXBuildFile; fileRef = E2219103195C5E34001004F4 /* CoreData.framework */; };
		E2219127195C5E34001004F4 /* InfoPlist.strings in Resources */ = {isa = PBXBuildFile; fileRef = E2219125195C5E34001004F4 /* InfoPlist.strings */; };
		E2219129195C5E34001004F4 /* iTunesCallingTests.m in Sources */ = {isa = PBXBuildFile; fileRef = E2219128195C5E34001004F4 /* iTunesCallingTests.m */; };
		E22D5E3E197486B900D8B490 /* AppEntry.m in Sources */ = {isa = PBXBuildFile; fileRef = E22D5E3D197486B900D8B490 /* AppEntry.m */; };
		E22D5E40197571BC00D8B490 /* ELMain.storyboard in Resources */ = {isa = PBXBuildFile; fileRef = E22D5E3F197571BC00D8B490 /* ELMain.storyboard */; };
		E28B9477195CF9DC0076E845 /* ELDataStore.m in Sources */ = {isa = PBXBuildFile; fileRef = E28B9476195CF9DC0076E845 /* ELDataStore.m */; };
		E28BCC3019709945008970A3 /* ELSingleAppViewController.m in Sources */ = {isa = PBXBuildFile; fileRef = E28BCC2F19709945008970A3 /* ELSingleAppViewController.m */; };
		E2B9F7DD1969013E00411C1A /* ELiTunesDataProvider.m in Sources */ = {isa = PBXBuildFile; fileRef = E2B9F7DC1969013E00411C1A /* ELiTunesDataProvider.m */; };
		E2B9F7E4196906EE00411C1A /* ELAppListTableVC.m in Sources */ = {isa = PBXBuildFile; fileRef = E2B9F7E3196906EE00411C1A /* ELAppListTableVC.m */; };
		E2B9F7F01969B9FD00411C1A /* AppEntry+Methods.m in Sources */ = {isa = PBXBuildFile; fileRef = E2B9F7EF1969B9FD00411C1A /* AppEntry+Methods.m */; };
		E2B9F7F3196B2DCD00411C1A /* ELAppCell.m in Sources */ = {isa = PBXBuildFile; fileRef = E2B9F7F2196B2DCD00411C1A /* ELAppCell.m */; };
/* End PBXBuildFile section */

/* Begin PBXContainerItemProxy section */
		E2219120195C5E34001004F4 /* PBXContainerItemProxy */ = {
			isa = PBXContainerItemProxy;
			containerPortal = E22190F2195C5E34001004F4 /* Project object */;
			proxyType = 1;
			remoteGlobalIDString = E22190F9195C5E34001004F4;
			remoteInfo = iTunesCalling;
		};
/* End PBXContainerItemProxy section */

/* Begin PBXFileReference section */
		5BB2F053A3914121B83D2CE6 /* libPods.a */ = {isa = PBXFileReference; explicitFileType = archive.ar; includeInIndex = 0; path = libPods.a; sourceTree = BUILT_PRODUCTS_DIR; };
		E14A1FE79ADC408AB53C877E /* Pods.xcconfig */ = {isa = PBXFileReference; includeInIndex = 1; lastKnownFileType = text.xcconfig; name = Pods.xcconfig; path = Pods/Pods.xcconfig; sourceTree = "<group>"; };
		E2181721196C7C0800285E0C /* holdingpattern.png */ = {isa = PBXFileReference; lastKnownFileType = image.png; path = holdingpattern.png; sourceTree = "<group>"; };
		E22190FA195C5E34001004F4 /* iTunesCalling.app */ = {isa = PBXFileReference; explicitFileType = wrapper.application; includeInIndex = 0; path = iTunesCalling.app; sourceTree = BUILT_PRODUCTS_DIR; };
		E22190FD195C5E34001004F4 /* Foundation.framework */ = {isa = PBXFileReference; lastKnownFileType = wrapper.framework; name = Foundation.framework; path = System/Library/Frameworks/Foundation.framework; sourceTree = SDKROOT; };
		E22190FF195C5E34001004F4 /* CoreGraphics.framework */ = {isa = PBXFileReference; lastKnownFileType = wrapper.framework; name = CoreGraphics.framework; path = System/Library/Frameworks/CoreGraphics.framework; sourceTree = SDKROOT; };
		E2219101195C5E34001004F4 /* UIKit.framework */ = {isa = PBXFileReference; lastKnownFileType = wrapper.framework; name = UIKit.framework; path = System/Library/Frameworks/UIKit.framework; sourceTree = SDKROOT; };
		E2219103195C5E34001004F4 /* CoreData.framework */ = {isa = PBXFileReference; lastKnownFileType = wrapper.framework; name = CoreData.framework; path = System/Library/Frameworks/CoreData.framework; sourceTree = SDKROOT; };
		E2219107195C5E34001004F4 /* iTunesCalling-Info.plist */ = {isa = PBXFileReference; lastKnownFileType = text.plist.xml; path = "iTunesCalling-Info.plist"; sourceTree = "<group>"; };
		E2219109195C5E34001004F4 /* en */ = {isa = PBXFileReference; lastKnownFileType = text.plist.strings; name = en; path = en.lproj/InfoPlist.strings; sourceTree = "<group>"; };
		E221910B195C5E34001004F4 /* main.m */ = {isa = PBXFileReference; lastKnownFileType = sourcecode.c.objc; path = main.m; sourceTree = "<group>"; };
		E221910D195C5E34001004F4 /* iTunesCalling-Prefix.pch */ = {isa = PBXFileReference; lastKnownFileType = sourcecode.c.h; path = "iTunesCalling-Prefix.pch"; sourceTree = "<group>"; };
		E221910E195C5E34001004F4 /* ELAppDelegate.h */ = {isa = PBXFileReference; lastKnownFileType = sourcecode.c.h; path = ELAppDelegate.h; sourceTree = "<group>"; };
		E221910F195C5E34001004F4 /* ELAppDelegate.m */ = {isa = PBXFileReference; lastKnownFileType = sourcecode.c.objc; path = ELAppDelegate.m; sourceTree = "<group>"; };
		E2219112195C5E34001004F4 /* iTunesCalling.xcdatamodel */ = {isa = PBXFileReference; lastKnownFileType = wrapper.xcdatamodel; path = iTunesCalling.xcdatamodel; sourceTree = "<group>"; };
		E2219114195C5E34001004F4 /* Images.xcassets */ = {isa = PBXFileReference; lastKnownFileType = folder.assetcatalog; path = Images.xcassets; sourceTree = "<group>"; };
		E221911A195C5E34001004F4 /* iTunesCallingTests.xctest */ = {isa = PBXFileReference; explicitFileType = wrapper.cfbundle; includeInIndex = 0; path = iTunesCallingTests.xctest; sourceTree = BUILT_PRODUCTS_DIR; };
		E221911B195C5E34001004F4 /* XCTest.framework */ = {isa = PBXFileReference; lastKnownFileType = wrapper.framework; name = XCTest.framework; path = Library/Frameworks/XCTest.framework; sourceTree = DEVELOPER_DIR; };
		E2219124195C5E34001004F4 /* iTunesCallingTests-Info.plist */ = {isa = PBXFileReference; lastKnownFileType = text.plist.xml; path = "iTunesCallingTests-Info.plist"; sourceTree = "<group>"; };
		E2219126195C5E34001004F4 /* en */ = {isa = PBXFileReference; lastKnownFileType = text.plist.strings; name = en; path = en.lproj/InfoPlist.strings; sourceTree = "<group>"; };
		E2219128195C5E34001004F4 /* iTunesCallingTests.m */ = {isa = PBXFileReference; lastKnownFileType = sourcecode.c.objc; path = iTunesCallingTests.m; sourceTree = "<group>"; };
		E22D5E3C197486B900D8B490 /* AppEntry.h */ = {isa = PBXFileReference; fileEncoding = 4; lastKnownFileType = sourcecode.c.h; path = AppEntry.h; sourceTree = "<group>"; };
		E22D5E3D197486B900D8B490 /* AppEntry.m */ = {isa = PBXFileReference; fileEncoding = 4; lastKnownFileType = sourcecode.c.objc; path = AppEntry.m; sourceTree = "<group>"; };
		E22D5E3F197571BC00D8B490 /* ELMain.storyboard */ = {isa = PBXFileReference; fileEncoding = 4; lastKnownFileType = file.storyboard; path = ELMain.storyboard; sourceTree = "<group>"; };
		E28B9475195CF9DC0076E845 /* ELDataStore.h */ = {isa = PBXFileReference; fileEncoding = 4; lastKnownFileType = sourcecode.c.h; path = ELDataStore.h; sourceTree = "<group>"; };
		E28B9476195CF9DC0076E845 /* ELDataStore.m */ = {isa = PBXFileReference; fileEncoding = 4; lastKnownFileType = sourcecode.c.objc; path = ELDataStore.m; sourceTree = "<group>"; };
		E28BCC2E19709945008970A3 /* ELSingleAppViewController.h */ = {isa = PBXFileReference; fileEncoding = 4; lastKnownFileType = sourcecode.c.h; path = ELSingleAppViewController.h; sourceTree = "<group>"; };
		E28BCC2F19709945008970A3 /* ELSingleAppViewController.m */ = {isa = PBXFileReference; fileEncoding = 4; lastKnownFileType = sourcecode.c.objc; path = ELSingleAppViewController.m; sourceTree = "<group>"; };
		E2B9F7DB1969013E00411C1A /* ELiTunesDataProvider.h */ = {isa = PBXFileReference; fileEncoding = 4; lastKnownFileType = sourcecode.c.h; path = ELiTunesDataProvider.h; sourceTree = "<group>"; };
		E2B9F7DC1969013E00411C1A /* ELiTunesDataProvider.m */ = {isa = PBXFileReference; fileEncoding = 4; lastKnownFileType = sourcecode.c.objc; path = ELiTunesDataProvider.m; sourceTree = "<group>"; };
		E2B9F7E2196906EE00411C1A /* ELAppListTableVC.h */ = {isa = PBXFileReference; fileEncoding = 4; lastKnownFileType = sourcecode.c.h; path = ELAppListTableVC.h; sourceTree = "<group>"; };
		E2B9F7E3196906EE00411C1A /* ELAppListTableVC.m */ = {isa = PBXFileReference; fileEncoding = 4; lastKnownFileType = sourcecode.c.objc; path = ELAppListTableVC.m; sourceTree = "<group>"; };
		E2B9F7EE1969B9FD00411C1A /* AppEntry+Methods.h */ = {isa = PBXFileReference; fileEncoding = 4; lastKnownFileType = sourcecode.c.h; path = "AppEntry+Methods.h"; sourceTree = "<group>"; };
		E2B9F7EF1969B9FD00411C1A /* AppEntry+Methods.m */ = {isa = PBXFileReference; fileEncoding = 4; lastKnownFileType = sourcecode.c.objc; path = "AppEntry+Methods.m"; sourceTree = "<group>"; };
		E2B9F7F1196B2DCD00411C1A /* ELAppCell.h */ = {isa = PBXFileReference; fileEncoding = 4; lastKnownFileType = sourcecode.c.h; path = ELAppCell.h; sourceTree = "<group>"; };
		E2B9F7F2196B2DCD00411C1A /* ELAppCell.m */ = {isa = PBXFileReference; fileEncoding = 4; lastKnownFileType = sourcecode.c.objc; path = ELAppCell.m; sourceTree = "<group>"; };
/* End PBXFileReference section */

/* Begin PBXFrameworksBuildPhase section */
		E22190F7195C5E34001004F4 /* Frameworks */ = {
			isa = PBXFrameworksBuildPhase;
			buildActionMask = 2147483647;
			files = (
				E2219100195C5E34001004F4 /* CoreGraphics.framework in Frameworks */,
				E2219104195C5E34001004F4 /* CoreData.framework in Frameworks */,
				E2219102195C5E34001004F4 /* UIKit.framework in Frameworks */,
				E22190FE195C5E34001004F4 /* Foundation.framework in Frameworks */,
				94BCD097F2FD4132BF2C2263 /* libPods.a in Frameworks */,
			);
			runOnlyForDeploymentPostprocessing = 0;
		};
		E2219117195C5E34001004F4 /* Frameworks */ = {
			isa = PBXFrameworksBuildPhase;
			buildActionMask = 2147483647;
			files = (
				E221911C195C5E34001004F4 /* XCTest.framework in Frameworks */,
				E221911F195C5E34001004F4 /* CoreData.framework in Frameworks */,
				E221911E195C5E34001004F4 /* UIKit.framework in Frameworks */,
				E221911D195C5E34001004F4 /* Foundation.framework in Frameworks */,
			);
			runOnlyForDeploymentPostprocessing = 0;
		};
/* End PBXFrameworksBuildPhase section */

/* Begin PBXGroup section */
		E22190F1195C5E34001004F4 = {
			isa = PBXGroup;
			children = (
				E2219105195C5E34001004F4 /* iTunesCalling */,
				E2219122195C5E34001004F4 /* iTunesCallingTests */,
				E22190FC195C5E34001004F4 /* Frameworks */,
				E22190FB195C5E34001004F4 /* Products */,
				E14A1FE79ADC408AB53C877E /* Pods.xcconfig */,
			);
			sourceTree = "<group>";
		};
		E22190FB195C5E34001004F4 /* Products */ = {
			isa = PBXGroup;
			children = (
				E22190FA195C5E34001004F4 /* iTunesCalling.app */,
				E221911A195C5E34001004F4 /* iTunesCallingTests.xctest */,
			);
			name = Products;
			sourceTree = "<group>";
		};
		E22190FC195C5E34001004F4 /* Frameworks */ = {
			isa = PBXGroup;
			children = (
				E22190FD195C5E34001004F4 /* Foundation.framework */,
				E22190FF195C5E34001004F4 /* CoreGraphics.framework */,
				E2219101195C5E34001004F4 /* UIKit.framework */,
				E2219103195C5E34001004F4 /* CoreData.framework */,
				E221911B195C5E34001004F4 /* XCTest.framework */,
				5BB2F053A3914121B83D2CE6 /* libPods.a */,
			);
			name = Frameworks;
			sourceTree = "<group>";
		};
		E2219105195C5E34001004F4 /* iTunesCalling */ = {
			isa = PBXGroup;
			children = (
				E221910E195C5E34001004F4 /* ELAppDelegate.h */,
				E221910F195C5E34001004F4 /* ELAppDelegate.m */,
				E2B9F7DB1969013E00411C1A /* ELiTunesDataProvider.h */,
				E2B9F7DC1969013E00411C1A /* ELiTunesDataProvider.m */,
				E2219114195C5E34001004F4 /* Images.xcassets */,
				E2181721196C7C0800285E0C /* holdingpattern.png */,
				E2B9F7F4196B2EAC00411C1A /* UI */,
				E2B9F7E1196904C300411C1A /* View Controllers */,
				E2B9F7DA1968DE3400411C1A /* Core Data */,
				E2219106195C5E34001004F4 /* Supporting Files */,
			);
			path = iTunesCalling;
			sourceTree = "<group>";
		};
		E2219106195C5E34001004F4 /* Supporting Files */ = {
			isa = PBXGroup;
			children = (
				E2219107195C5E34001004F4 /* iTunesCalling-Info.plist */,
				E2219108195C5E34001004F4 /* InfoPlist.strings */,
				E221910B195C5E34001004F4 /* main.m */,
				E221910D195C5E34001004F4 /* iTunesCalling-Prefix.pch */,
			);
			name = "Supporting Files";
			sourceTree = "<group>";
		};
		E2219122195C5E34001004F4 /* iTunesCallingTests */ = {
			isa = PBXGroup;
			children = (
				E2219128195C5E34001004F4 /* iTunesCallingTests.m */,
				E2219123195C5E34001004F4 /* Supporting Files */,
			);
			path = iTunesCallingTests;
			sourceTree = "<group>";
		};
		E2219123195C5E34001004F4 /* Supporting Files */ = {
			isa = PBXGroup;
			children = (
				E2219124195C5E34001004F4 /* iTunesCallingTests-Info.plist */,
				E2219125195C5E34001004F4 /* InfoPlist.strings */,
			);
			name = "Supporting Files";
			sourceTree = "<group>";
		};
		E2B9F7DA1968DE3400411C1A /* Core Data */ = {
			isa = PBXGroup;
			children = (
				E22D5E3C197486B900D8B490 /* AppEntry.h */,
				E22D5E3D197486B900D8B490 /* AppEntry.m */,
				E2219111195C5E34001004F4 /* iTunesCalling.xcdatamodeld */,
				E2B9F7EE1969B9FD00411C1A /* AppEntry+Methods.h */,
				E2B9F7EF1969B9FD00411C1A /* AppEntry+Methods.m */,
				E28B9475195CF9DC0076E845 /* ELDataStore.h */,
				E28B9476195CF9DC0076E845 /* ELDataStore.m */,
			);
			name = "Core Data";
			sourceTree = "<group>";
		};
		E2B9F7E1196904C300411C1A /* View Controllers */ = {
			isa = PBXGroup;
			children = (
				E2B9F7E2196906EE00411C1A /* ELAppListTableVC.h */,
				E2B9F7E3196906EE00411C1A /* ELAppListTableVC.m */,
				E28BCC2E19709945008970A3 /* ELSingleAppViewController.h */,
				E28BCC2F19709945008970A3 /* ELSingleAppViewController.m */,
			);
			name = "View Controllers";
			sourceTree = "<group>";
		};
		E2B9F7F4196B2EAC00411C1A /* UI */ = {
			isa = PBXGroup;
			children = (
				E22D5E3F197571BC00D8B490 /* ELMain.storyboard */,
				E2B9F7F1196B2DCD00411C1A /* ELAppCell.h */,
				E2B9F7F2196B2DCD00411C1A /* ELAppCell.m */,
			);
			name = UI;
			sourceTree = "<group>";
		};
/* End PBXGroup section */

/* Begin PBXNativeTarget section */
		E22190F9195C5E34001004F4 /* iTunesCalling */ = {
			isa = PBXNativeTarget;
			buildConfigurationList = E221912C195C5E34001004F4 /* Build configuration list for PBXNativeTarget "iTunesCalling" */;
			buildPhases = (
				AD52616FB9BE49A49053CF1E /* Check Pods Manifest.lock */,
				E22190F6195C5E34001004F4 /* Sources */,
				E22190F7195C5E34001004F4 /* Frameworks */,
				E22190F8195C5E34001004F4 /* Resources */,
				480D79558EC248F598BFA4D3 /* Copy Pods Resources */,
			);
			buildRules = (
			);
			dependencies = (
			);
			name = iTunesCalling;
			productName = iTunesCalling;
			productReference = E22190FA195C5E34001004F4 /* iTunesCalling.app */;
			productType = "com.apple.product-type.application";
		};
		E2219119195C5E34001004F4 /* iTunesCallingTests */ = {
			isa = PBXNativeTarget;
			buildConfigurationList = E221912F195C5E34001004F4 /* Build configuration list for PBXNativeTarget "iTunesCallingTests" */;
			buildPhases = (
				E2219116195C5E34001004F4 /* Sources */,
				E2219117195C5E34001004F4 /* Frameworks */,
				E2219118195C5E34001004F4 /* Resources */,
			);
			buildRules = (
			);
			dependencies = (
				E2219121195C5E34001004F4 /* PBXTargetDependency */,
			);
			name = iTunesCallingTests;
			productName = iTunesCallingTests;
			productReference = E221911A195C5E34001004F4 /* iTunesCallingTests.xctest */;
			productType = "com.apple.product-type.bundle.unit-test";
		};
/* End PBXNativeTarget section */

/* Begin PBXProject section */
		E22190F2195C5E34001004F4 /* Project object */ = {
			isa = PBXProject;
			attributes = {
				CLASSPREFIX = EL;
				LastUpgradeCheck = 0510;
				ORGANIZATIONNAME = "Edan Lichtenstein";
				TargetAttributes = {
					E2219119195C5E34001004F4 = {
						TestTargetID = E22190F9195C5E34001004F4;
					};
				};
			};
			buildConfigurationList = E22190F5195C5E34001004F4 /* Build configuration list for PBXProject "iTunesCalling" */;
			compatibilityVersion = "Xcode 3.2";
			developmentRegion = English;
			hasScannedForEncodings = 0;
			knownRegions = (
				en,
			);
			mainGroup = E22190F1195C5E34001004F4;
			productRefGroup = E22190FB195C5E34001004F4 /* Products */;
			projectDirPath = "";
			projectRoot = "";
			targets = (
				E22190F9195C5E34001004F4 /* iTunesCalling */,
				E2219119195C5E34001004F4 /* iTunesCallingTests */,
			);
		};
/* End PBXProject section */

/* Begin PBXResourcesBuildPhase section */
		E22190F8195C5E34001004F4 /* Resources */ = {
			isa = PBXResourcesBuildPhase;
			buildActionMask = 2147483647;
			files = (
				E2181722196C7C0800285E0C /* holdingpattern.png in Resources */,
				E221910A195C5E34001004F4 /* InfoPlist.strings in Resources */,
				E22D5E40197571BC00D8B490 /* ELMain.storyboard in Resources */,
				E2219115195C5E34001004F4 /* Images.xcassets in Resources */,
			);
			runOnlyForDeploymentPostprocessing = 0;
		};
		E2219118195C5E34001004F4 /* Resources */ = {
			isa = PBXResourcesBuildPhase;
			buildActionMask = 2147483647;
			files = (
				E2219127195C5E34001004F4 /* InfoPlist.strings in Resources */,
			);
			runOnlyForDeploymentPostprocessing = 0;
		};
/* End PBXResourcesBuildPhase section */

/* Begin PBXShellScriptBuildPhase section */
		480D79558EC248F598BFA4D3 /* Copy Pods Resources */ = {
			isa = PBXShellScriptBuildPhase;
			buildActionMask = 2147483647;
			files = (
			);
			inputPaths = (
			);
			name = "Copy Pods Resources";
			outputPaths = (
			);
			runOnlyForDeploymentPostprocessing = 0;
			shellPath = /bin/sh;
			shellScript = "\"${SRCROOT}/Pods/Pods-resources.sh\"\n";
			showEnvVarsInLog = 0;
		};
		AD52616FB9BE49A49053CF1E /* Check Pods Manifest.lock */ = {
			isa = PBXShellScriptBuildPhase;
			buildActionMask = 2147483647;
			files = (
			);
			inputPaths = (
			);
			name = "Check Pods Manifest.lock";
			outputPaths = (
			);
			runOnlyForDeploymentPostprocessing = 0;
			shellPath = /bin/sh;
			shellScript = "diff \"${PODS_ROOT}/../Podfile.lock\" \"${PODS_ROOT}/Manifest.lock\" > /dev/null\nif [[ $? != 0 ]] ; then\n    cat << EOM\nerror: The sandbox is not in sync with the Podfile.lock. Run 'pod install' or update your CocoaPods installation.\nEOM\n    exit 1\nfi\n";
			showEnvVarsInLog = 0;
		};
/* End PBXShellScriptBuildPhase section */

/* Begin PBXSourcesBuildPhase section */
		E22190F6195C5E34001004F4 /* Sources */ = {
			isa = PBXSourcesBuildPhase;
			buildActionMask = 2147483647;
			files = (
				E28B9477195CF9DC0076E845 /* ELDataStore.m in Sources */,
				E221910C195C5E34001004F4 /* main.m in Sources */,
				E22D5E3E197486B900D8B490 /* AppEntry.m in Sources */,
				E2B9F7F3196B2DCD00411C1A /* ELAppCell.m in Sources */,
				E2B9F7E4196906EE00411C1A /* ELAppListTableVC.m in Sources */,
				E2219110195C5E34001004F4 /* ELAppDelegate.m in Sources */,
				E2219113195C5E34001004F4 /* iTunesCalling.xcdatamodeld in Sources */,
				E2B9F7DD1969013E00411C1A /* ELiTunesDataProvider.m in Sources */,
				E2B9F7F01969B9FD00411C1A /* AppEntry+Methods.m in Sources */,
				E28BCC3019709945008970A3 /* ELSingleAppViewController.m in Sources */,
			);
			runOnlyForDeploymentPostprocessing = 0;
		};
		E2219116195C5E34001004F4 /* Sources */ = {
			isa = PBXSourcesBuildPhase;
			buildActionMask = 2147483647;
			files = (
				E2219129195C5E34001004F4 /* iTunesCallingTests.m in Sources */,
			);
			runOnlyForDeploymentPostprocessing = 0;
		};
/* End PBXSourcesBuildPhase section */

/* Begin PBXTargetDependency section */
		E2219121195C5E34001004F4 /* PBXTargetDependency */ = {
			isa = PBXTargetDependency;
			target = E22190F9195C5E34001004F4 /* iTunesCalling */;
			targetProxy = E2219120195C5E34001004F4 /* PBXContainerItemProxy */;
		};
/* End PBXTargetDependency section */

/* Begin PBXVariantGroup section */
		E2219108195C5E34001004F4 /* InfoPlist.strings */ = {
			isa = PBXVariantGroup;
			children = (
				E2219109195C5E34001004F4 /* en */,
			);
			name = InfoPlist.strings;
			sourceTree = "<group>";
		};
		E2219125195C5E34001004F4 /* InfoPlist.strings */ = {
			isa = PBXVariantGroup;
			children = (
				E2219126195C5E34001004F4 /* en */,
			);
			name = InfoPlist.strings;
			sourceTree = "<group>";
		};
/* End PBXVariantGroup section */

/* Begin XCBuildConfiguration section */
		E221912A195C5E34001004F4 /* Debug */ = {
			isa = XCBuildConfiguration;
			buildSettings = {
				ALWAYS_SEARCH_USER_PATHS = NO;
				CLANG_CXX_LANGUAGE_STANDARD = "gnu++0x";
				CLANG_CXX_LIBRARY = "libc++";
				CLANG_ENABLE_MODULES = YES;
				CLANG_ENABLE_OBJC_ARC = YES;
				CLANG_WARN_BOOL_CONVERSION = YES;
				CLANG_WARN_CONSTANT_CONVERSION = YES;
				CLANG_WARN_DIRECT_OBJC_ISA_USAGE = YES_ERROR;
				CLANG_WARN_EMPTY_BODY = YES;
				CLANG_WARN_ENUM_CONVERSION = YES;
				CLANG_WARN_INT_CONVERSION = YES;
				CLANG_WARN_OBJC_ROOT_CLASS = YES_ERROR;
				CLANG_WARN__DUPLICATE_METHOD_MATCH = YES;
				"CODE_SIGN_IDENTITY[sdk=iphoneos*]" = "iPhone Developer";
				COPY_PHASE_STRIP = NO;
				GCC_C_LANGUAGE_STANDARD = gnu99;
				GCC_DYNAMIC_NO_PIC = NO;
				GCC_OPTIMIZATION_LEVEL = 0;
				GCC_PREPROCESSOR_DEFINITIONS = (
					"DEBUG=1",
					"$(inherited)",
				);
				GCC_SYMBOLS_PRIVATE_EXTERN = NO;
				GCC_WARN_64_TO_32_BIT_CONVERSION = YES;
				GCC_WARN_ABOUT_RETURN_TYPE = YES_ERROR;
				GCC_WARN_UNDECLARED_SELECTOR = YES;
				GCC_WARN_UNINITIALIZED_AUTOS = YES_AGGRESSIVE;
				GCC_WARN_UNUSED_FUNCTION = YES;
				GCC_WARN_UNUSED_VARIABLE = YES;
				IPHONEOS_DEPLOYMENT_TARGET = 7.1;
				ONLY_ACTIVE_ARCH = YES;
				SDKROOT = iphoneos;
			};
			name = Debug;
		};
		E221912B195C5E34001004F4 /* Release */ = {
			isa = XCBuildConfiguration;
			buildSettings = {
				ALWAYS_SEARCH_USER_PATHS = NO;
				CLANG_CXX_LANGUAGE_STANDARD = "gnu++0x";
				CLANG_CXX_LIBRARY = "libc++";
				CLANG_ENABLE_MODULES = YES;
				CLANG_ENABLE_OBJC_ARC = YES;
				CLANG_WARN_BOOL_CONVERSION = YES;
				CLANG_WARN_CONSTANT_CONVERSION = YES;
				CLANG_WARN_DIRECT_OBJC_ISA_USAGE = YES_ERROR;
				CLANG_WARN_EMPTY_BODY = YES;
				CLANG_WARN_ENUM_CONVERSION = YES;
				CLANG_WARN_INT_CONVERSION = YES;
				CLANG_WARN_OBJC_ROOT_CLASS = YES_ERROR;
				CLANG_WARN__DUPLICATE_METHOD_MATCH = YES;
				"CODE_SIGN_IDENTITY[sdk=iphoneos*]" = "iPhone Developer";
				COPY_PHASE_STRIP = YES;
				ENABLE_NS_ASSERTIONS = NO;
				GCC_C_LANGUAGE_STANDARD = gnu99;
				GCC_WARN_64_TO_32_BIT_CONVERSION = YES;
				GCC_WARN_ABOUT_RETURN_TYPE = YES_ERROR;
				GCC_WARN_UNDECLARED_SELECTOR = YES;
				GCC_WARN_UNINITIALIZED_AUTOS = YES_AGGRESSIVE;
				GCC_WARN_UNUSED_FUNCTION = YES;
				GCC_WARN_UNUSED_VARIABLE = YES;
				IPHONEOS_DEPLOYMENT_TARGET = 7.1;
				SDKROOT = iphoneos;
				VALIDATE_PRODUCT = YES;
			};
			name = Release;
		};
		E221912D195C5E34001004F4 /* Debug */ = {
			isa = XCBuildConfiguration;
			baseConfigurationReference = E14A1FE79ADC408AB53C877E /* Pods.xcconfig */;
			buildSettings = {
				ASSETCATALOG_COMPILER_APPICON_NAME = AppIcon;
				ASSETCATALOG_COMPILER_LAUNCHIMAGE_NAME = LaunchImage;
				GCC_PRECOMPILE_PREFIX_HEADER = YES;
				GCC_PREFIX_HEADER = "iTunesCalling/iTunesCalling-Prefix.pch";
				INFOPLIST_FILE = "iTunesCalling/iTunesCalling-Info.plist";
				IPHONEOS_DEPLOYMENT_TARGET = 7.1;
				PRODUCT_NAME = "$(TARGET_NAME)";
				WRAPPER_EXTENSION = app;
			};
			name = Debug;
		};
		E221912E195C5E34001004F4 /* Release */ = {
			isa = XCBuildConfiguration;
			baseConfigurationReference = E14A1FE79ADC408AB53C877E /* Pods.xcconfig */;
			buildSettings = {
				ASSETCATALOG_COMPILER_APPICON_NAME = AppIcon;
				ASSETCATALOG_COMPILER_LAUNCHIMAGE_NAME = LaunchImage;
				GCC_PRECOMPILE_PREFIX_HEADER = YES;
				GCC_PREFIX_HEADER = "iTunesCalling/iTunesCalling-Prefix.pch";
				INFOPLIST_FILE = "iTunesCalling/iTunesCalling-Info.plist";
				IPHONEOS_DEPLOYMENT_TARGET = 7.1;
				PRODUCT_NAME = "$(TARGET_NAME)";
				WRAPPER_EXTENSION = app;
			};
			name = Release;
		};
		E2219130195C5E34001004F4 /* Debug */ = {
			isa = XCBuildConfiguration;
			buildSettings = {
				BUNDLE_LOADER = "$(BUILT_PRODUCTS_DIR)/iTunesCalling.app/iTunesCalling";
				FRAMEWORK_SEARCH_PATHS = (
					"$(SDKROOT)/Developer/Library/Frameworks",
					"$(inherited)",
					"$(DEVELOPER_FRAMEWORKS_DIR)",
				);
				GCC_PRECOMPILE_PREFIX_HEADER = YES;
				GCC_PREFIX_HEADER = "iTunesCalling/iTunesCalling-Prefix.pch";
				GCC_PREPROCESSOR_DEFINITIONS = (
					"DEBUG=1",
					"$(inherited)",
				);
				INFOPLIST_FILE = "iTunesCallingTests/iTunesCallingTests-Info.plist";
				PRODUCT_NAME = "$(TARGET_NAME)";
				TEST_HOST = "$(BUNDLE_LOADER)";
				WRAPPER_EXTENSION = xctest;
			};
			name = Debug;
		};
		E2219131195C5E34001004F4 /* Release */ = {
			isa = XCBuildConfiguration;
			buildSettings = {
				BUNDLE_LOADER = "$(BUILT_PRODUCTS_DIR)/iTunesCalling.app/iTunesCalling";
				FRAMEWORK_SEARCH_PATHS = (
					"$(SDKROOT)/Developer/Library/Frameworks",
					"$(inherited)",
					"$(DEVELOPER_FRAMEWORKS_DIR)",
				);
				GCC_PRECOMPILE_PREFIX_HEADER = YES;
				GCC_PREFIX_HEADER = "iTunesCalling/iTunesCalling-Prefix.pch";
				INFOPLIST_FILE = "iTunesCallingTests/iTunesCallingTests-Info.plist";
				PRODUCT_NAME = "$(TARGET_NAME)";
				TEST_HOST = "$(BUNDLE_LOADER)";
				WRAPPER_EXTENSION = xctest;
			};
			name = Release;
		};
/* End XCBuildConfiguration section */

/* Begin XCConfigurationList section */
		E22190F5195C5E34001004F4 /* Build configuration list for PBXProject "iTunesCalling" */ = {
			isa = XCConfigurationList;
			buildConfigurations = (
				E221912A195C5E34001004F4 /* Debug */,
				E221912B195C5E34001004F4 /* Release */,
			);
			defaultConfigurationIsVisible = 0;
			defaultConfigurationName = Release;
		};
		E221912C195C5E34001004F4 /* Build configuration list for PBXNativeTarget "iTunesCalling" */ = {
			isa = XCConfigurationList;
			buildConfigurations = (
				E221912D195C5E34001004F4 /* Debug */,
				E221912E195C5E34001004F4 /* Release */,
			);
			defaultConfigurationIsVisible = 0;
			defaultConfigurationName = Release;
		};
		E221912F195C5E34001004F4 /* Build configuration list for PBXNativeTarget "iTunesCallingTests" */ = {
			isa = XCConfigurationList;
			buildConfigurations = (
				E2219130195C5E34001004F4 /* Debug */,
				E2219131195C5E34001004F4 /* Release */,
			);
			defaultConfigurationIsVisible = 0;
			defaultConfigurationName = Release;
		};
/* End XCConfigurationList section */

/* Begin XCVersionGroup section */
		E2219111195C5E34001004F4 /* iTunesCalling.xcdatamodeld */ = {
			isa = XCVersionGroup;
			children = (
				E2219112195C5E34001004F4 /* iTunesCalling.xcdatamodel */,
			);
			currentVersion = E2219112195C5E34001004F4 /* iTunesCalling.xcdatamodel */;
			path = iTunesCalling.xcdatamodeld;
			sourceTree = "<group>";
			versionGroupType = wrapper.xcdatamodel;
		};
/* End XCVersionGroup section */
	};
	rootObject = E22190F2195C5E34001004F4 /* Project object */;
}
